<?xml version="1.0" encoding="utf-8"?>
<Project ToolsVersion="4.0" xmlns="http://schemas.microsoft.com/developer/msbuild/2003">
  <ItemGroup>
    <Filter Include="Source Files">
      <UniqueIdentifier>{4FC737F1-C7A5-4376-A066-2A32D752A2FF}</UniqueIdentifier>
      <Extensions>cpp;c;cc;cxx;def;odl;idl;hpj;bat;asm;asmx</Extensions>
    </Filter>
    <Filter Include="Header Files">
      <UniqueIdentifier>{93995380-89BD-4b04-88EB-625FBE52EBFB}</UniqueIdentifier>
      <Extensions>h;hh;hpp;hxx;hm;inl;inc;xsd</Extensions>
    </Filter>
    <Filter Include="Resource Files">
      <UniqueIdentifier>{67DA6AB6-F800-4c08-8B7A-83BB121AAD01}</UniqueIdentifier>
      <Extensions>rc;ico;cur;bmp;dlg;rc2;rct;bin;rgs;gif;jpg;jpeg;jpe;resx;tiff;tif;png;wav;mfcribbon-ms</Extensions>
    </Filter>
    <Filter Include="Shaders">
      <UniqueIdentifier>{0a853dbe-b8a6-4756-9948-99894bee027a}</UniqueIdentifier>
    </Filter>
    <Filter Include="Misc">
      <UniqueIdentifier>{2c9c74a8-8922-4a3c-9a28-7a66929ca302}</UniqueIdentifier>
    </Filter>
    <Filter Include="Shaders_TransparentObjects">
      <UniqueIdentifier>{c3db4f1b-3df7-4c3c-82f6-29796008c7b3}</UniqueIdentifier>
    </Filter>
    <Filter Include="Shaders_OpaqueObjects">
      <UniqueIdentifier>{7b0e3ec4-9044-4415-869b-7fe602d4bb6a}</UniqueIdentifier>
    </Filter>
  </ItemGroup>
  <ItemGroup>
    <ClCompile Include="WindowInitialization.cpp">
      <Filter>Source Files</Filter>
    </ClCompile>
    <ClCompile Include="Main.cpp">
      <Filter>Source Files</Filter>
    </ClCompile>
    <ClCompile Include="D3DInitializer.cpp">
      <Filter>Source Files</Filter>
    </ClCompile>
    <ClCompile Include="ToshRenderer.cpp">
      <Filter>Source Files</Filter>
    </ClCompile>
    <ClCompile Include="ObjModelParser.cpp">
      <Filter>Source Files</Filter>
    </ClCompile>
    <ClCompile Include="RenderStates.cpp">
      <Filter>Source Files</Filter>
    </ClCompile>
    <ClCompile Include="AlphaBlendSorter.cpp">
      <Filter>Source Files</Filter>
    </ClCompile>
    <ClCompile Include="Temp.cpp">
      <Filter>Source Files</Filter>
    </ClCompile>
    <ClCompile Include="BasicLevel.cpp">
      <Filter>Source Files</Filter>
    </ClCompile>
    <ClCompile Include="GameHandler.cpp">
      <Filter>Source Files</Filter>
    </ClCompile>
    <ClCompile Include="Object.cpp">
      <Filter>Source Files</Filter>
    </ClCompile>
    <ClCompile Include="ObjectLoader.cpp">
      <Filter>Source Files</Filter>
    </ClCompile>
    <ClCompile Include="Technique.cpp">
      <Filter>Source Files</Filter>
    </ClCompile>
    <ClCompile Include="InputLayoutDescription.cpp">
      <Filter>Source Files</Filter>
    </ClCompile>
    <ClCompile Include="TechniqueLoader.cpp">
      <Filter>Source Files</Filter>
    </ClCompile>
  </ItemGroup>
  <ItemGroup>
    <ClInclude Include="WindowInitialization.h">
      <Filter>Header Files</Filter>
    </ClInclude>
    <ClInclude Include="D3DInitializer.h">
      <Filter>Header Files</Filter>
    </ClInclude>
    <ClInclude Include="ToshRenderer.h">
      <Filter>Header Files</Filter>
    </ClInclude>
    <ClInclude Include="VertexTypes.h">
      <Filter>Header Files</Filter>
    </ClInclude>
    <ClInclude Include="LightTypes.h">
      <Filter>Header Files</Filter>
    </ClInclude>
    <ClInclude Include="ObjModelParser.h">
      <Filter>Header Files</Filter>
    </ClInclude>
    <ClInclude Include="ConstantBufferHelper.h">
      <Filter>Header Files</Filter>
    </ClInclude>
    <ClInclude Include="RenderStates.h">
      <Filter>Header Files</Filter>
    </ClInclude>
    <ClInclude Include="VertexCompareFunctions.h">
      <Filter>Header Files</Filter>
    </ClInclude>
    <ClInclude Include="AlphaBlendSorter.h">
      <Filter>Header Files</Filter>
    </ClInclude>
    <ClInclude Include="BasicLevel.h">
      <Filter>Header Files</Filter>
    </ClInclude>
    <ClInclude Include="GameHandler.h">
      <Filter>Header Files</Filter>
    </ClInclude>
    <ClInclude Include="ShaderHandler.h">
      <Filter>Header Files</Filter>
    </ClInclude>
    <ClInclude Include="Object.h">
      <Filter>Header Files</Filter>
    </ClInclude>
    <ClInclude Include="ObjectLoader.h">
      <Filter>Header Files</Filter>
    </ClInclude>
    <ClInclude Include="Technique.h">
      <Filter>Header Files</Filter>
    </ClInclude>
    <ClInclude Include="StringManipulator.h">
      <Filter>Header Files</Filter>
    </ClInclude>
    <ClInclude Include="InputLayoutDescription.h">
      <Filter>Header Files</Filter>
    </ClInclude>
    <ClInclude Include="TechniqueLoader.h">
      <Filter>Header Files</Filter>
    </ClInclude>
  </ItemGroup>
  <ItemGroup>
    <FxCompile Include="Tutorial02_PS.hlsl">
      <Filter>Misc</Filter>
    </FxCompile>
    <FxCompile Include="Tutorial02_VS.hlsl">
      <Filter>Misc</Filter>
    </FxCompile>
    <FxCompile Include="Tutorial05_PS.hlsl">
      <Filter>Misc</Filter>
    </FxCompile>
    <FxCompile Include="Tutorial05_VS.hlsl">
      <Filter>Misc</Filter>
    </FxCompile>
    <FxCompile Include="TransparentDS.hlsl">
      <Filter>Shaders_TransparentObjects</Filter>
    </FxCompile>
    <FxCompile Include="TransparentHS.hlsl">
      <Filter>Shaders_TransparentObjects</Filter>
    </FxCompile>
    <FxCompile Include="TransparentPS.hlsl">
      <Filter>Shaders_TransparentObjects</Filter>
    </FxCompile>
    <FxCompile Include="TransparentVS.hlsl">
      <Filter>Shaders_TransparentObjects</Filter>
    </FxCompile>
    <FxCompile Include="OpaqueDS.hlsl">
      <Filter>Shaders_OpaqueObjects</Filter>
    </FxCompile>
    <FxCompile Include="OpaqueHS.hlsl">
      <Filter>Shaders_OpaqueObjects</Filter>
    </FxCompile>
    <FxCompile Include="OpaquePS.hlsl">
      <Filter>Shaders_OpaqueObjects</Filter>
    </FxCompile>
    <FxCompile Include="OpaqueVS.hlsl">
      <Filter>Shaders_OpaqueObjects</Filter>
    </FxCompile>
  </ItemGroup>
  <ItemGroup>
    <Text Include="VertexHelper.txt">
      <Filter>Shaders</Filter>
    </Text>
    <Text Include="LightHelper.txt">
      <Filter>Shaders</Filter>
    </Text>
    <Text Include="SamplerStates.txt">
      <Filter>Shaders</Filter>
    </Text>
  </ItemGroup>
</Project>